{
  "requires": true,
  "lockfileVersion": 1,
  "dependencies": {
    "google-translate-tts": {
      "version": "0.4.0-dev",
      "resolved": "https://registry.npmjs.org/google-translate-tts/-/google-translate-tts-0.4.0-dev.tgz",
      "integrity": "sha512-UioovR3V/17rDBMVFkKTXcJPWSTwjxcqe9GKhmZqqwVlnUThY4SKQ5NJdmEuIGzlzj0apHGPQRShDz7I347+vw=="
    }
  }
}
